
Microsoft Visual Studio Solution File, Format Version 12.00
# Visual Studio Version 17
VisualStudioVersion = 17.9.34723.18
MinimumVisualStudioVersion = 10.0.40219.1
Project("{FAE04EC0-301F-11D3-BF4B-00C04F79EFBC}") = "census-questionaire-api", "census-questionaire-api.csproj", "{14D3FACF-75C1-4E7C-91EF-59D4355410F8}"
EndProject
Global
	GlobalSection(SolutionConfigurationPlatforms) = preSolution
		Debug|Any CPU = Debug|Any CPU
		Release|Any CPU = Release|Any CPU
	EndGlobalSection
	GlobalSection(ProjectConfigurationPlatforms) = postSolution
		{14D3FACF-75C1-4E7C-91EF-59D4355410F8}.Debug|Any CPU.ActiveCfg = Debug|Any CPU
		{14D3FACF-75C1-4E7C-91EF-59D4355410F8}.Debug|Any CPU.Build.0 = Debug|Any CPU
		{14D3FACF-75C1-4E7C-91EF-59D4355410F8}.Release|Any CPU.ActiveCfg = Release|Any CPU
		{14D3FACF-75C1-4E7C-91EF-59D4355410F8}.Release|Any CPU.Build.0 = Release|Any CPU
	EndGlobalSection
	GlobalSection(SolutionProperties) = preSolution
		HideSolutionNode = FALSE
	EndGlobalSection
	GlobalSection(ExtensibilityGlobals) = postSolution
		SolutionGuid = {7DBCF0C2-AEBF-48EA-8878-3E9D4B268885}
	EndGlobalSection
EndGlobal
